
Microsoft Visual Studio Solution File, Format Version 12.00
# Visual Studio 15
VisualStudioVersion = 15.0.28307.705
MinimumVisualStudioVersion = 10.0.40219.1
Project("{888888A0-9F3D-457C-B088-3A5042F75D52}") = "saveUnpackTest", "saveUnpackTest\saveUnpackTest.pyproj", "{8C33B809-FDFE-427D-9FC0-FD3DC5E75D9F}"
EndProject
Global
	GlobalSection(SolutionConfigurationPlatforms) = preSolution
		Debug|Any CPU = Debug|Any CPU
		Release|Any CPU = Release|Any CPU
	EndGlobalSection
	GlobalSection(ProjectConfigurationPlatforms) = postSolution
		{8C33B809-FDFE-427D-9FC0-FD3DC5E75D9F}.Debug|Any CPU.ActiveCfg = Debug|Any CPU
		{8C33B809-FDFE-427D-9FC0-FD3DC5E75D9F}.Release|Any CPU.ActiveCfg = Release|Any CPU
	EndGlobalSection
	GlobalSection(SolutionProperties) = preSolution
		HideSolutionNode = FALSE
	EndGlobalSection
	GlobalSection(ExtensibilityGlobals) = postSolution
		SolutionGuid = {E0187CBD-4A86-4B7F-A1D2-96A700409B7C}
	EndGlobalSection
EndGlobal
